
Microsoft Visual Studio Solution File, Format Version 12.00
# Visual Studio Version 17
VisualStudioVersion = 17.8.34330.188
MinimumVisualStudioVersion = 10.0.40219.1
Project("{9A19103F-16F7-4668-BE54-9A1E7A4F7556}") = "LIvrariaAPI", "LIvrariaAPI\LIvrariaAPI.csproj", "{2A6B6181-1EC7-43A8-A0DE-B26922421AFF}"
EndProject
Project("{2150E333-8FDC-42A3-9474-1A3956D46DE8}") = "Solution Items", "Solution Items", "{6B8CC50A-F554-415D-8BF2-7FFF519D5945}"
	ProjectSection(SolutionItems) = preProject
		.editorconfig = .editorconfig
	EndProjectSection
EndProject
Global
	GlobalSection(SolutionConfigurationPlatforms) = preSolution
		Debug|Any CPU = Debug|Any CPU
		Release|Any CPU = Release|Any CPU
	EndGlobalSection
	GlobalSection(ProjectConfigurationPlatforms) = postSolution
		{2A6B6181-1EC7-43A8-A0DE-B26922421AFF}.Debug|Any CPU.ActiveCfg = Debug|Any CPU
		{2A6B6181-1EC7-43A8-A0DE-B26922421AFF}.Debug|Any CPU.Build.0 = Debug|Any CPU
		{2A6B6181-1EC7-43A8-A0DE-B26922421AFF}.Release|Any CPU.ActiveCfg = Release|Any CPU
		{2A6B6181-1EC7-43A8-A0DE-B26922421AFF}.Release|Any CPU.Build.0 = Release|Any CPU
	EndGlobalSection
	GlobalSection(SolutionProperties) = preSolution
		HideSolutionNode = FALSE
	EndGlobalSection
	GlobalSection(ExtensibilityGlobals) = postSolution
		SolutionGuid = {1AF1829B-4643-4905-B2B4-4DBA9E7E5B80}
	EndGlobalSection
EndGlobal
